// !$*UTF8*$!
{
	archiveVersion = 1;
	classes = {
	};
	objectVersion = 48;
	objects = {

/* Begin PBXBuildFile section */
		759451C220513B1600B2E622 /* AppDelegate.m in Sources */ = {isa = PBXBuildFile; fileRef = 759451C120513B1600B2E622 /* AppDelegate.m */; };
		759451C520513B1600B2E622 /* ViewController.m in Sources */ = {isa = PBXBuildFile; fileRef = 759451C420513B1600B2E622 /* ViewController.m */; };
		759451C820513B1600B2E622 /* Main.storyboard in Resources */ = {isa = PBXBuildFile; fileRef = 759451C620513B1600B2E622 /* Main.storyboard */; };
		759451CA20513B1600B2E622 /* Assets.xcassets in Resources */ = {isa = PBXBuildFile; fileRef = 759451C920513B1600B2E622 /* Assets.xcassets */; };
		759451CD20513B1600B2E622 /* LaunchScreen.storyboard in Resources */ = {isa = PBXBuildFile; fileRef = 759451CB20513B1600B2E622 /* LaunchScreen.storyboard */; };
		759451D020513B1600B2E622 /* main.m in Sources */ = {isa = PBXBuildFile; fileRef = 759451CF20513B1600B2E622 /* main.m */; };
/* End PBXBuildFile section */

/* Begin PBXFileReference section */
		759451BD20513B1600B2E622 /* ZPMultipleSeverPortDemo.app */ = {isa = PBXFileReference; explicitFileType = wrapper.application; includeInIndex = 0; path = ZPMultipleSeverPortDemo.app; sourceTree = BUILT_PRODUCTS_DIR; };
		759451C020513B1600B2E622 /* AppDelegate.h */ = {isa = PBXFileReference; lastKnownFileType = sourcecode.c.h; path = AppDelegate.h; sourceTree = "<group>"; };
		759451C120513B1600B2E622 /* AppDelegate.m */ = {isa = PBXFileReference; lastKnownFileType = sourcecode.c.objc; path = AppDelegate.m; sourceTree = "<group>"; };
		759451C320513B1600B2E622 /* ViewController.h */ = {isa = PBXFileReference; lastKnownFileType = sourcecode.c.h; path = ViewController.h; sourceTree = "<group>"; };
		759451C420513B1600B2E622 /* ViewController.m */ = {isa = PBXFileReference; lastKnownFileType = sourcecode.c.objc; path = ViewController.m; sourceTree = "<group>"; };
		759451C720513B1600B2E622 /* Base */ = {isa = PBXFileReference; lastKnownFileType = file.storyboard; name = Base; path = Base.lproj/Main.storyboard; sourceTree = "<group>"; };
		759451C920513B1600B2E622 /* Assets.xcassets */ = {isa = PBXFileReference; lastKnownFileType = folder.assetcatalog; path = Assets.xcassets; sourceTree = "<group>"; };
		759451CC20513B1600B2E622 /* Base */ = {isa = PBXFileReference; lastKnownFileType = file.storyboard; name = Base; path = Base.lproj/LaunchScreen.storyboard; sourceTree = "<group>"; };
		759451CE20513B1600B2E622 /* Info.plist */ = {isa = PBXFileReference; lastKnownFileType = text.plist.xml; path = Info.plist; sourceTree = "<group>"; };
		759451CF20513B1600B2E622 /* main.m */ = {isa = PBXFileReference; lastKnownFileType = sourcecode.c.objc; path = main.m; sourceTree = "<group>"; };
/* End PBXFileReference section */

/* Begin PBXFrameworksBuildPhase section */
		759451BA20513B1600B2E622 /* Frameworks */ = {
			isa = PBXFrameworksBuildPhase;
			buildActionMask = 2147483647;
			files = (
			);
			runOnlyForDeploymentPostprocessing = 0;
		};
/* End PBXFrameworksBuildPhase section */

/* Begin PBXGroup section */
		759451B420513B1600B2E622 = {
			isa = PBXGroup;
			children = (
				759451BF20513B1600B2E622 /* ZPMultipleSeverPortDemo */,
				759451BE20513B1600B2E622 /* Products */,
			);
			sourceTree = "<group>";
		};
		759451BE20513B1600B2E622 /* Products */ = {
			isa = PBXGroup;
			children = (
				759451BD20513B1600B2E622 /* ZPMultipleSeverPortDemo.app */,
			);
			name = Products;
			sourceTree = "<group>";
		};
		759451BF20513B1600B2E622 /* ZPMultipleSeverPortDemo */ = {
			isa = PBXGroup;
			children = (
				759451C020513B1600B2E622 /* AppDelegate.h */,
				759451C120513B1600B2E622 /* AppDelegate.m */,
				759451C320513B1600B2E622 /* ViewController.h */,
				759451C420513B1600B2E622 /* ViewController.m */,
				759451C620513B1600B2E622 /* Main.storyboard */,
				759451C920513B1600B2E622 /* Assets.xcassets */,
				759451CB20513B1600B2E622 /* LaunchScreen.storyboard */,
				759451CE20513B1600B2E622 /* Info.plist */,
				759451CF20513B1600B2E622 /* main.m */,
			);
			path = ZPMultipleSeverPortDemo;
			sourceTree = "<group>";
		};
/* End PBXGroup section */

/* Begin PBXNativeTarget section */
		759451BC20513B1600B2E622 /* ZPMultipleSeverPortDemo */ = {
			isa = PBXNativeTarget;
			buildConfigurationList = 759451D320513B1600B2E622 /* Build configuration list for PBXNativeTarget "ZPMultipleSeverPortDemo" */;
			buildPhases = (
				759451B920513B1600B2E622 /* Sources */,
				759451BA20513B1600B2E622 /* Frameworks */,
				759451BB20513B1600B2E622 /* Resources */,
			);
			buildRules = (
			);
			dependencies = (
			);
			name = ZPMultipleSeverPortDemo;
			productName = ZPMultipleSeverPortDemo;
			productReference = 759451BD20513B1600B2E622 /* ZPMultipleSeverPortDemo.app */;
			productType = "com.apple.product-type.application";
		};
/* End PBXNativeTarget section */

/* Begin PBXProject section */
		759451B520513B1600B2E622 /* Project object */ = {
			isa = PBXProject;
			attributes = {
				LastUpgradeCheck = 0920;
				ORGANIZATIONNAME = "赵鹏";
				TargetAttributes = {
					759451BC20513B1600B2E622 = {
						CreatedOnToolsVersion = 9.2;
						ProvisioningStyle = Automatic;
					};
				};
			};
			buildConfigurationList = 759451B820513B1600B2E622 /* Build configuration list for PBXProject "ZPMultipleSeverPortDemo" */;
			compatibilityVersion = "Xcode 8.0";
			developmentRegion = en;
			hasScannedForEncodings = 0;
			knownRegions = (
				en,
				Base,
			);
			mainGroup = 759451B420513B1600B2E622;
			productRefGroup = 759451BE20513B1600B2E622 /* Products */;
			projectDirPath = "";
			projectRoot = "";
			targets = (
				759451BC20513B1600B2E622 /* ZPMultipleSeverPortDemo */,
			);
		};
/* End PBXProject section */

/* Begin PBXResourcesBuildPhase section */
		759451BB20513B1600B2E622 /* Resources */ = {
			isa = PBXResourcesBuildPhase;
			buildActionMask = 2147483647;
			files = (
				759451CD20513B1600B2E622 /* LaunchScreen.storyboard in Resources */,
				759451CA20513B1600B2E622 /* Assets.xcassets in Resources */,
				759451C820513B1600B2E622 /* Main.storyboard in Resources */,
			);
			runOnlyForDeploymentPostprocessing = 0;
		};
/* End PBXResourcesBuildPhase section */

/* Begin PBXSourcesBuildPhase section */
		759451B920513B1600B2E622 /* Sources */ = {
			isa = PBXSourcesBuildPhase;
			buildActionMask = 2147483647;
			files = (
				759451C520513B1600B2E622 /* ViewController.m in Sources */,
				759451D020513B1600B2E622 /* main.m in Sources */,
				759451C220513B1600B2E622 /* AppDelegate.m in Sources */,
			);
			runOnlyForDeploymentPostprocessing = 0;
		};
/* End PBXSourcesBuildPhase section */

/* Begin PBXVariantGroup section */
		759451C620513B1600B2E622 /* Main.storyboard */ = {
			isa = PBXVariantGroup;
			children = (
				759451C720513B1600B2E622 /* Base */,
			);
			name = Main.storyboard;
			sourceTree = "<group>";
		};
		759451CB20513B1600B2E622 /* LaunchScreen.storyboard */ = {
			isa = PBXVariantGroup;
			children = (
				759451CC20513B1600B2E622 /* Base */,
			);
			name = LaunchScreen.storyboard;
			sourceTree = "<group>";
		};
/* End PBXVariantGroup section */

/* Begin XCBuildConfiguration section */
		759451D120513B1600B2E622 /* Debug */ = {
			isa = XCBuildConfiguration;
			buildSettings = {
				ALWAYS_SEARCH_USER_PATHS = NO;
				CLANG_ANALYZER_NONNULL = YES;
				CLANG_ANALYZER_NUMBER_OBJECT_CONVERSION = YES_AGGRESSIVE;
				CLANG_CXX_LANGUAGE_STANDARD = "gnu++14";
				CLANG_CXX_LIBRARY = "libc++";
				CLANG_ENABLE_MODULES = YES;
				CLANG_ENABLE_OBJC_ARC = YES;
				CLANG_WARN_BLOCK_CAPTURE_AUTORELEASING = YES;
				CLANG_WARN_BOOL_CONVERSION = YES;
				CLANG_WARN_COMMA = YES;
				CLANG_WARN_CONSTANT_CONVERSION = YES;
				CLANG_WARN_DIRECT_OBJC_ISA_USAGE = YES_ERROR;
				CLANG_WARN_DOCUMENTATION_COMMENTS = YES;
				CLANG_WARN_EMPTY_BODY = YES;
				CLANG_WARN_ENUM_CONVERSION = YES;
				CLANG_WARN_INFINITE_RECURSION = YES;
				CLANG_WARN_INT_CONVERSION = YES;
				CLANG_WARN_NON_LITERAL_NULL_CONVERSION = YES;
				CLANG_WARN_OBJC_LITERAL_CONVERSION = YES;
				CLANG_WARN_OBJC_ROOT_CLASS = YES_ERROR;
				CLANG_WARN_RANGE_LOOP_ANALYSIS = YES;
				CLANG_WARN_STRICT_PROTOTYPES = YES;
				CLANG_WARN_SUSPICIOUS_MOVE = YES;
				CLANG_WARN_UNGUARDED_AVAILABILITY = YES_AGGRESSIVE;
				CLANG_WARN_UNREACHABLE_CODE = YES;
				CLANG_WARN__DUPLICATE_METHOD_MATCH = YES;
				CODE_SIGN_IDENTITY = "iPhone Developer";
				COPY_PHASE_STRIP = NO;
				DEBUG_INFORMATION_FORMAT = dwarf;
				ENABLE_STRICT_OBJC_MSGSEND = YES;
				ENABLE_TESTABILITY = YES;
				GCC_C_LANGUAGE_STANDARD = gnu11;
				GCC_DYNAMIC_NO_PIC = NO;
				GCC_NO_COMMON_BLOCKS = YES;
				GCC_OPTIMIZATION_LEVEL = 0;
				GCC_PREPROCESSOR_DEFINITIONS = (
					"DEBUG=1",
					"$(inherited)",
				);
				GCC_WARN_64_TO_32_BIT_CONVERSION = YES;
				GCC_WARN_ABOUT_RETURN_TYPE = YES_ERROR;
				GCC_WARN_UNDECLARED_SELECTOR = YES;
				GCC_WARN_UNINITIALIZED_AUTOS = YES_AGGRESSIVE;
				GCC_WARN_UNUSED_FUNCTION = YES;
				GCC_WARN_UNUSED_VARIABLE = YES;
				IPHONEOS_DEPLOYMENT_TARGET = 11.2;
				MTL_ENABLE_DEBUG_INFO = YES;
				ONLY_ACTIVE_ARCH = YES;
				SDKROOT = iphoneos;
			};
			name = Debug;
		};
		759451D220513B1600B2E622 /* Release */ = {
			isa = XCBuildConfiguration;
			buildSettings = {
				ALWAYS_SEARCH_USER_PATHS = NO;
				CLANG_ANALYZER_NONNULL = YES;
				CLANG_ANALYZER_NUMBER_OBJECT_CONVERSION = YES_AGGRESSIVE;
				CLANG_CXX_LANGUAGE_STANDARD = "gnu++14";
				CLANG_CXX_LIBRARY = "libc++";
				CLANG_ENABLE_MODULES = YES;
				CLANG_ENABLE_OBJC_ARC = YES;
				CLANG_WARN_BLOCK_CAPTURE_AUTORELEASING = YES;
				CLANG_WARN_BOOL_CONVERSION = YES;
				CLANG_WARN_COMMA = YES;
				CLANG_WARN_CONSTANT_CONVERSION = YES;
				CLANG_WARN_DIRECT_OBJC_ISA_USAGE = YES_ERROR;
				CLANG_WARN_DOCUMENTATION_COMMENTS = YES;
				CLANG_WARN_EMPTY_BODY = YES;
				CLANG_WARN_ENUM_CONVERSION = YES;
				CLANG_WARN_INFINITE_RECURSION = YES;
				CLANG_WARN_INT_CONVERSION = YES;
				CLANG_WARN_NON_LITERAL_NULL_CONVERSION = YES;
				CLANG_WARN_OBJC_LITERAL_CONVERSION = YES;
				CLANG_WARN_OBJC_ROOT_CLASS = YES_ERROR;
				CLANG_WARN_RANGE_LOOP_ANALYSIS = YES;
				CLANG_WARN_STRICT_PROTOTYPES = YES;
				CLANG_WARN_SUSPICIOUS_MOVE = YES;
				CLANG_WARN_UNGUARDED_AVAILABILITY = YES_AGGRESSIVE;
				CLANG_WARN_UNREACHABLE_CODE = YES;
				CLANG_WARN__DUPLICATE_METHOD_MATCH = YES;
				CODE_SIGN_IDENTITY = "iPhone Developer";
				COPY_PHASE_STRIP = NO;
				DEBUG_INFORMATION_FORMAT = "dwarf-with-dsym";
				ENABLE_NS_ASSERTIONS = NO;
				ENABLE_STRICT_OBJC_MSGSEND = YES;
				GCC_C_LANGUAGE_STANDARD = gnu11;
				GCC_NO_COMMON_BLOCKS = YES;
				GCC_WARN_64_TO_32_BIT_CONVERSION = YES;
				GCC_WARN_ABOUT_RETURN_TYPE = YES_ERROR;
				GCC_WARN_UNDECLARED_SELECTOR = YES;
				GCC_WARN_UNINITIALIZED_AUTOS = YES_AGGRESSIVE;
				GCC_WARN_UNUSED_FUNCTION = YES;
				GCC_WARN_UNUSED_VARIABLE = YES;
				IPHONEOS_DEPLOYMENT_TARGET = 11.2;
				MTL_ENABLE_DEBUG_INFO = NO;
				SDKROOT = iphoneos;
				VALIDATE_PRODUCT = YES;
			};
			name = Release;
		};
		759451D420513B1600B2E622 /* Debug */ = {
			isa = XCBuildConfiguration;
			buildSettings = {
				ASSETCATALOG_COMPILER_APPICON_NAME = AppIcon;
				CODE_SIGN_STYLE = Automatic;
				INFOPLIST_FILE = ZPMultipleSeverPortDemo/Info.plist;
				LD_RUNPATH_SEARCH_PATHS = "$(inherited) @executable_path/Frameworks";
				PRODUCT_BUNDLE_IDENTIFIER = abc.ZPMultipleSeverPortDemo;
				PRODUCT_NAME = "$(TARGET_NAME)";
				TARGETED_DEVICE_FAMILY = "1,2";
			};
			name = Debug;
		};
		759451D520513B1600B2E622 /* Release */ = {
			isa = XCBuildConfiguration;
			buildSettings = {
				ASSETCATALOG_COMPILER_APPICON_NAME = AppIcon;
				CODE_SIGN_STYLE = Automatic;
				INFOPLIST_FILE = ZPMultipleSeverPortDemo/Info.plist;
				LD_RUNPATH_SEARCH_PATHS = "$(inherited) @executable_path/Frameworks";
				PRODUCT_BUNDLE_IDENTIFIER = abc.ZPMultipleSeverPortDemo;
				PRODUCT_NAME = "$(TARGET_NAME)";
				TARGETED_DEVICE_FAMILY = "1,2";
			};
			name = Release;
		};
/* End XCBuildConfiguration section */

/* Begin XCConfigurationList section */
		759451B820513B1600B2E622 /* Build configuration list for PBXProject "ZPMultipleSeverPortDemo" */ = {
			isa = XCConfigurationList;
			buildConfigurations = (
				759451D120513B1600B2E622 /* Debug */,
				759451D220513B1600B2E622 /* Release */,
			);
			defaultConfigurationIsVisible = 0;
			defaultConfigurationName = Release;
		};
		759451D320513B1600B2E622 /* Build configuration list for PBXNativeTarget "ZPMultipleSeverPortDemo" */ = {
			isa = XCConfigurationList;
			buildConfigurations = (
				759451D420513B1600B2E622 /* Debug */,
				759451D520513B1600B2E622 /* Release */,
			);
			defaultConfigurationIsVisible = 0;
			defaultConfigurationName = Release;
		};
/* End XCConfigurationList section */
	};
	rootObject = 759451B520513B1600B2E622 /* Project object */;
}
